
Microsoft Visual Studio Solution File, Format Version 12.00
# Visual Studio Version 17
VisualStudioVersion = 17.5.33424.131
MinimumVisualStudioVersion = 10.0.40219.1
Project("{FAE04EC0-301F-11D3-BF4B-00C04F79EFBC}") = "Library.MVC", "Library.MVC\Library.MVC.csproj", "{DD562A3B-FD9C-418F-8EEC-2B4C92748533}"
EndProject
Project("{FAE04EC0-301F-11D3-BF4B-00C04F79EFBC}") = "Library.DAL", "Library.DAL\Library.DAL.csproj", "{74D14C06-B23E-4957-90AA-A8695782E44F}"
EndProject
Project("{FAE04EC0-301F-11D3-BF4B-00C04F79EFBC}") = "Library.BL", "Library.BL\Library.BL.csproj", "{D7787FC6-1A8A-459A-BA5A-32D10E139AB8}"
EndProject
Global
	GlobalSection(SolutionConfigurationPlatforms) = preSolution
		Debug|Any CPU = Debug|Any CPU
		Release|Any CPU = Release|Any CPU
	EndGlobalSection
	GlobalSection(ProjectConfigurationPlatforms) = postSolution
		{DD562A3B-FD9C-418F-8EEC-2B4C92748533}.Debug|Any CPU.ActiveCfg = Debug|Any CPU
		{DD562A3B-FD9C-418F-8EEC-2B4C92748533}.Debug|Any CPU.Build.0 = Debug|Any CPU
		{DD562A3B-FD9C-418F-8EEC-2B4C92748533}.Release|Any CPU.ActiveCfg = Release|Any CPU
		{DD562A3B-FD9C-418F-8EEC-2B4C92748533}.Release|Any CPU.Build.0 = Release|Any CPU
		{74D14C06-B23E-4957-90AA-A8695782E44F}.Debug|Any CPU.ActiveCfg = Debug|Any CPU
		{74D14C06-B23E-4957-90AA-A8695782E44F}.Debug|Any CPU.Build.0 = Debug|Any CPU
		{74D14C06-B23E-4957-90AA-A8695782E44F}.Release|Any CPU.ActiveCfg = Release|Any CPU
		{74D14C06-B23E-4957-90AA-A8695782E44F}.Release|Any CPU.Build.0 = Release|Any CPU
		{D7787FC6-1A8A-459A-BA5A-32D10E139AB8}.Debug|Any CPU.ActiveCfg = Debug|Any CPU
		{D7787FC6-1A8A-459A-BA5A-32D10E139AB8}.Debug|Any CPU.Build.0 = Debug|Any CPU
		{D7787FC6-1A8A-459A-BA5A-32D10E139AB8}.Release|Any CPU.ActiveCfg = Release|Any CPU
		{D7787FC6-1A8A-459A-BA5A-32D10E139AB8}.Release|Any CPU.Build.0 = Release|Any CPU
	EndGlobalSection
	GlobalSection(SolutionProperties) = preSolution
		HideSolutionNode = FALSE
	EndGlobalSection
	GlobalSection(ExtensibilityGlobals) = postSolution
		SolutionGuid = {81BFAA1F-6B6E-4638-8B12-E778FA0F9393}
	EndGlobalSection
EndGlobal
